
Microsoft Visual Studio Solution File, Format Version 12.00
# Visual Studio Version 17
VisualStudioVersion = 17.2.32616.157
MinimumVisualStudioVersion = 10.0.40219.1
Project("{FAE04EC0-301F-11D3-BF4B-00C04F79EFBC}") = "C2_EJ_06", "C2_EJ_06\C2_EJ_06.csproj", "{07A95EDB-AC8C-40A6-A6EA-84A209F1941E}"
EndProject
Global
	GlobalSection(SolutionConfigurationPlatforms) = preSolution
		Debug|Any CPU = Debug|Any CPU
		Release|Any CPU = Release|Any CPU
	EndGlobalSection
	GlobalSection(ProjectConfigurationPlatforms) = postSolution
		{07A95EDB-AC8C-40A6-A6EA-84A209F1941E}.Debug|Any CPU.ActiveCfg = Debug|Any CPU
		{07A95EDB-AC8C-40A6-A6EA-84A209F1941E}.Debug|Any CPU.Build.0 = Debug|Any CPU
		{07A95EDB-AC8C-40A6-A6EA-84A209F1941E}.Release|Any CPU.ActiveCfg = Release|Any CPU
		{07A95EDB-AC8C-40A6-A6EA-84A209F1941E}.Release|Any CPU.Build.0 = Release|Any CPU
	EndGlobalSection
	GlobalSection(SolutionProperties) = preSolution
		HideSolutionNode = FALSE
	EndGlobalSection
	GlobalSection(ExtensibilityGlobals) = postSolution
		SolutionGuid = {613E2DDE-434C-4B35-9564-71D52A6C5546}
	EndGlobalSection
EndGlobal
